
Microsoft Visual Studio Solution File, Format Version 12.00
# Visual Studio Version 17
VisualStudioVersion = 17.8.34330.188
MinimumVisualStudioVersion = 10.0.40219.1
Project("{FAE04EC0-301F-11D3-BF4B-00C04F79EFBC}") = "TestProject1", "TestProject1\TestProject1.csproj", "{3F489377-BB74-4D44-BCA9-E8D64756824B}"
EndProject
Global
	GlobalSection(SolutionConfigurationPlatforms) = preSolution
		Debug|Any CPU = Debug|Any CPU
		Release|Any CPU = Release|Any CPU
	EndGlobalSection
	GlobalSection(ProjectConfigurationPlatforms) = postSolution
		{3F489377-BB74-4D44-BCA9-E8D64756824B}.Debug|Any CPU.ActiveCfg = Debug|Any CPU
		{3F489377-BB74-4D44-BCA9-E8D64756824B}.Debug|Any CPU.Build.0 = Debug|Any CPU
		{3F489377-BB74-4D44-BCA9-E8D64756824B}.Release|Any CPU.ActiveCfg = Release|Any CPU
		{3F489377-BB74-4D44-BCA9-E8D64756824B}.Release|Any CPU.Build.0 = Release|Any CPU
	EndGlobalSection
	GlobalSection(SolutionProperties) = preSolution
		HideSolutionNode = FALSE
	EndGlobalSection
	GlobalSection(ExtensibilityGlobals) = postSolution
		SolutionGuid = {DB4C5EF5-2017-49FA-BE84-34E8699D7629}
	EndGlobalSection
EndGlobal
